
Microsoft Visual Studio Solution File, Format Version 12.00
# Visual Studio Version 16
VisualStudioVersion = 16.0.30907.101
MinimumVisualStudioVersion = 10.0.40219.1
Project("{FAE04EC0-301F-11D3-BF4B-00C04F79EFBC}") = "Stellvia.Web", "src\Stellvia.Web\Stellvia.Web.csproj", "{6806B2CE-AB0F-4998-906A-DF124C72D5D7}"
EndProject
Project("{FAE04EC0-301F-11D3-BF4B-00C04F79EFBC}") = "Stellvia.Admin.Web", "src\Stellvia.Admin.Web\Stellvia.Admin.Web.csproj", "{9A7E4B98-B0EF-46A9-A8F4-C22C3D4D1B9D}"
EndProject
Global
	GlobalSection(SolutionConfigurationPlatforms) = preSolution
		Debug|Any CPU = Debug|Any CPU
		Release|Any CPU = Release|Any CPU
	EndGlobalSection
	GlobalSection(ProjectConfigurationPlatforms) = postSolution
		{6806B2CE-AB0F-4998-906A-DF124C72D5D7}.Debug|Any CPU.ActiveCfg = Debug|Any CPU
		{6806B2CE-AB0F-4998-906A-DF124C72D5D7}.Debug|Any CPU.Build.0 = Debug|Any CPU
		{6806B2CE-AB0F-4998-906A-DF124C72D5D7}.Release|Any CPU.ActiveCfg = Release|Any CPU
		{6806B2CE-AB0F-4998-906A-DF124C72D5D7}.Release|Any CPU.Build.0 = Release|Any CPU
		{9A7E4B98-B0EF-46A9-A8F4-C22C3D4D1B9D}.Debug|Any CPU.ActiveCfg = Debug|Any CPU
		{9A7E4B98-B0EF-46A9-A8F4-C22C3D4D1B9D}.Debug|Any CPU.Build.0 = Debug|Any CPU
		{9A7E4B98-B0EF-46A9-A8F4-C22C3D4D1B9D}.Release|Any CPU.ActiveCfg = Release|Any CPU
		{9A7E4B98-B0EF-46A9-A8F4-C22C3D4D1B9D}.Release|Any CPU.Build.0 = Release|Any CPU
	EndGlobalSection
	GlobalSection(SolutionProperties) = preSolution
		HideSolutionNode = FALSE
	EndGlobalSection
	GlobalSection(ExtensibilityGlobals) = postSolution
		SolutionGuid = {A1441E7B-CF92-43E1-A567-5F70911D6DA3}
	EndGlobalSection
EndGlobal
